
Microsoft Visual Studio Solution File, Format Version 12.00
# Visual Studio Version 17
VisualStudioVersion = 17.4.33110.190
MinimumVisualStudioVersion = 10.0.40219.1
Project("{888888A0-9F3D-457C-B088-3A5042F75D52}") = "Optimizador de Drafts LOL", "Optimizador de Drafts LOL\Optimizador de Drafts LOL.pyproj", "{E426FFE6-2AF2-4947-AFF6-813E24139A73}"
EndProject
Global
	GlobalSection(SolutionConfigurationPlatforms) = preSolution
		Debug|Any CPU = Debug|Any CPU
		Release|Any CPU = Release|Any CPU
	EndGlobalSection
	GlobalSection(ProjectConfigurationPlatforms) = postSolution
		{E426FFE6-2AF2-4947-AFF6-813E24139A73}.Debug|Any CPU.ActiveCfg = Debug|Any CPU
		{E426FFE6-2AF2-4947-AFF6-813E24139A73}.Release|Any CPU.ActiveCfg = Release|Any CPU
	EndGlobalSection
	GlobalSection(SolutionProperties) = preSolution
		HideSolutionNode = FALSE
	EndGlobalSection
	GlobalSection(ExtensibilityGlobals) = postSolution
		SolutionGuid = {21FDF942-C78D-449C-AC44-5CB8F26703BC}
	EndGlobalSection
EndGlobal
